
Microsoft Visual Studio Solution File, Format Version 12.00
# Visual Studio Version 17
VisualStudioVersion = 17.3.32804.467
MinimumVisualStudioVersion = 10.0.40219.1
Project("{9A19103F-16F7-4668-BE54-9A1E7A4F7556}") = "lab7.2", "laba8\lab7.2.csproj", "{C73AE9A7-C00B-4538-A76E-9EB1FFF3DE88}"
EndProject
Global
	GlobalSection(SolutionConfigurationPlatforms) = preSolution
		Debug|Any CPU = Debug|Any CPU
		Release|Any CPU = Release|Any CPU
	EndGlobalSection
	GlobalSection(ProjectConfigurationPlatforms) = postSolution
		{C73AE9A7-C00B-4538-A76E-9EB1FFF3DE88}.Debug|Any CPU.ActiveCfg = Debug|Any CPU
		{C73AE9A7-C00B-4538-A76E-9EB1FFF3DE88}.Debug|Any CPU.Build.0 = Debug|Any CPU
		{C73AE9A7-C00B-4538-A76E-9EB1FFF3DE88}.Release|Any CPU.ActiveCfg = Release|Any CPU
		{C73AE9A7-C00B-4538-A76E-9EB1FFF3DE88}.Release|Any CPU.Build.0 = Release|Any CPU
	EndGlobalSection
	GlobalSection(SolutionProperties) = preSolution
		HideSolutionNode = FALSE
	EndGlobalSection
	GlobalSection(ExtensibilityGlobals) = postSolution
		SolutionGuid = {1CB609CC-F253-49CE-8962-4D872ED3122D}
	EndGlobalSection
EndGlobal
